
Microsoft Visual Studio Solution File, Format Version 12.00
# Visual Studio Version 17
VisualStudioVersion = 17.14.36915.13
MinimumVisualStudioVersion = 10.0.40219.1
Project("{FAE04EC0-301F-11D3-BF4B-00C04F79EFBC}") = "TradingApp", "TradingApp\TradingApp.csproj", "{6D941AF3-5A20-45F6-958B-EE09A241CF2F}"
EndProject
Project("{2150E333-8FDC-42A3-9474-1A3956D46DE8}") = "Web", "Web", "{02EA681E-C7D8-13C7-8484-4AC65E1B71E8}"
EndProject
Project("{FAE04EC0-301F-11D3-BF4B-00C04F79EFBC}") = "TradingApp.ViewModels", "TradingApp.ViewModels\TradingApp.ViewModels.csproj", "{F82B5E4D-F311-4C62-99AC-627AADF365C8}"
EndProject
Project("{FAE04EC0-301F-11D3-BF4B-00C04F79EFBC}") = "TradingApp.GCommon", "TradingApp.GCommon\TradingApp.GCommon.csproj", "{044EC6A1-0113-4B9F-8A30-36C79E0760DA}"
EndProject
Project("{2150E333-8FDC-42A3-9474-1A3956D46DE8}") = "Data", "Data", "{0601B9EF-9D1D-4416-91A3-669E38B8B19A}"
EndProject
Project("{FAE04EC0-301F-11D3-BF4B-00C04F79EFBC}") = "TradingApp.Data", "TradingApp.Data\TradingApp.Data.csproj", "{EC7260CF-939E-432F-B425-91ED689DEA73}"
EndProject
Project("{FAE04EC0-301F-11D3-BF4B-00C04F79EFBC}") = "TradingApp.Data.Models", "TradingApp.Data.Models\TradingApp.Data.Models.csproj", "{9D9F0417-A39B-4CAD-B7FC-859156C2A58E}"
EndProject
Project("{2150E333-8FDC-42A3-9474-1A3956D46DE8}") = "Services", "Services", "{1DE4AF5D-F1B8-436D-B630-B96AA1A0F590}"
EndProject
Project("{FAE04EC0-301F-11D3-BF4B-00C04F79EFBC}") = "TradingApp.Services.Core", "TradingApp.Services.Core\TradingApp.Services.Core.csproj", "{CEFA2AC3-C94A-47B2-B897-03D976F57CCF}"
EndProject
Global
	GlobalSection(SolutionConfigurationPlatforms) = preSolution
		Debug|Any CPU = Debug|Any CPU
		Release|Any CPU = Release|Any CPU
	EndGlobalSection
	GlobalSection(ProjectConfigurationPlatforms) = postSolution
		{6D941AF3-5A20-45F6-958B-EE09A241CF2F}.Debug|Any CPU.ActiveCfg = Debug|Any CPU
		{6D941AF3-5A20-45F6-958B-EE09A241CF2F}.Debug|Any CPU.Build.0 = Debug|Any CPU
		{6D941AF3-5A20-45F6-958B-EE09A241CF2F}.Release|Any CPU.ActiveCfg = Release|Any CPU
		{6D941AF3-5A20-45F6-958B-EE09A241CF2F}.Release|Any CPU.Build.0 = Release|Any CPU
		{F82B5E4D-F311-4C62-99AC-627AADF365C8}.Debug|Any CPU.ActiveCfg = Debug|Any CPU
		{F82B5E4D-F311-4C62-99AC-627AADF365C8}.Debug|Any CPU.Build.0 = Debug|Any CPU
		{F82B5E4D-F311-4C62-99AC-627AADF365C8}.Release|Any CPU.ActiveCfg = Release|Any CPU
		{F82B5E4D-F311-4C62-99AC-627AADF365C8}.Release|Any CPU.Build.0 = Release|Any CPU
		{044EC6A1-0113-4B9F-8A30-36C79E0760DA}.Debug|Any CPU.ActiveCfg = Debug|Any CPU
		{044EC6A1-0113-4B9F-8A30-36C79E0760DA}.Debug|Any CPU.Build.0 = Debug|Any CPU
		{044EC6A1-0113-4B9F-8A30-36C79E0760DA}.Release|Any CPU.ActiveCfg = Release|Any CPU
		{044EC6A1-0113-4B9F-8A30-36C79E0760DA}.Release|Any CPU.Build.0 = Release|Any CPU
		{EC7260CF-939E-432F-B425-91ED689DEA73}.Debug|Any CPU.ActiveCfg = Debug|Any CPU
		{EC7260CF-939E-432F-B425-91ED689DEA73}.Debug|Any CPU.Build.0 = Debug|Any CPU
		{EC7260CF-939E-432F-B425-91ED689DEA73}.Release|Any CPU.ActiveCfg = Release|Any CPU
		{EC7260CF-939E-432F-B425-91ED689DEA73}.Release|Any CPU.Build.0 = Release|Any CPU
		{9D9F0417-A39B-4CAD-B7FC-859156C2A58E}.Debug|Any CPU.ActiveCfg = Debug|Any CPU
		{9D9F0417-A39B-4CAD-B7FC-859156C2A58E}.Debug|Any CPU.Build.0 = Debug|Any CPU
		{9D9F0417-A39B-4CAD-B7FC-859156C2A58E}.Release|Any CPU.ActiveCfg = Release|Any CPU
		{9D9F0417-A39B-4CAD-B7FC-859156C2A58E}.Release|Any CPU.Build.0 = Release|Any CPU
		{CEFA2AC3-C94A-47B2-B897-03D976F57CCF}.Debug|Any CPU.ActiveCfg = Debug|Any CPU
		{CEFA2AC3-C94A-47B2-B897-03D976F57CCF}.Debug|Any CPU.Build.0 = Debug|Any CPU
		{CEFA2AC3-C94A-47B2-B897-03D976F57CCF}.Release|Any CPU.ActiveCfg = Release|Any CPU
		{CEFA2AC3-C94A-47B2-B897-03D976F57CCF}.Release|Any CPU.Build.0 = Release|Any CPU
	EndGlobalSection
	GlobalSection(SolutionProperties) = preSolution
		HideSolutionNode = FALSE
	EndGlobalSection
	GlobalSection(NestedProjects) = preSolution
		{6D941AF3-5A20-45F6-958B-EE09A241CF2F} = {02EA681E-C7D8-13C7-8484-4AC65E1B71E8}
		{F82B5E4D-F311-4C62-99AC-627AADF365C8} = {02EA681E-C7D8-13C7-8484-4AC65E1B71E8}
		{EC7260CF-939E-432F-B425-91ED689DEA73} = {0601B9EF-9D1D-4416-91A3-669E38B8B19A}
		{9D9F0417-A39B-4CAD-B7FC-859156C2A58E} = {0601B9EF-9D1D-4416-91A3-669E38B8B19A}
		{CEFA2AC3-C94A-47B2-B897-03D976F57CCF} = {1DE4AF5D-F1B8-436D-B630-B96AA1A0F590}
	EndGlobalSection
	GlobalSection(ExtensibilityGlobals) = postSolution
		SolutionGuid = {68606563-A3CB-4154-B98A-508DA7A5F177}
	EndGlobalSection
EndGlobal
